
Microsoft Visual Studio Solution File, Format Version 12.00
# Visual Studio Version 17
VisualStudioVersion = 17.1.32319.34
MinimumVisualStudioVersion = 10.0.40219.1
Project("{8BC9CEB8-8B4A-11D0-8D11-00A0C91BC942}") = "Wyjatki", "Wyjatki\Wyjatki.vcxproj", "{3DE34B98-05DB-4774-8B6A-9ECA85DF6657}"
EndProject
Project("{8BC9CEB8-8B4A-11D0-8D11-00A0C91BC942}") = "Zadanie1", "Zadanie1\Zadanie1.vcxproj", "{7BBFDD4E-B0F0-4429-BFD4-B6F66A030E3A}"
EndProject
Project("{8BC9CEB8-8B4A-11D0-8D11-00A0C91BC942}") = "Zadanie2", "Zadanie2\Zadanie2.vcxproj", "{C82C4482-D259-4C99-9634-6C41327C52EB}"
EndProject
Project("{8BC9CEB8-8B4A-11D0-8D11-00A0C91BC942}") = "TemplateBrudnopis", "TemplateBrudnopis\TemplateBrudnopis.vcxproj", "{709CDD7E-4DE6-47FF-80EB-CFF26A952C43}"
EndProject
Project("{8BC9CEB8-8B4A-11D0-8D11-00A0C91BC942}") = "Zadanie1_Szablony", "Zadanie1_Szablony\Zadanie1_Szablony.vcxproj", "{21450536-5315-4088-8949-6B86915D9E81}"
EndProject
Project("{8BC9CEB8-8B4A-11D0-8D11-00A0C91BC942}") = "Zadanie4_Szablony", "Zadanie4_Szablony\Zadanie4_Szablony.vcxproj", "{392FD397-5CC2-4B43-B587-B666CDC021C7}"
EndProject
Project("{8BC9CEB8-8B4A-11D0-8D11-00A0C91BC942}") = "SmartPointer_Zadanie", "SmartPointer_Zadanie\SmartPointer_Zadanie.vcxproj", "{B3CD1108-93C0-496D-B32A-C7CCAC073747}"
EndProject
Project("{8BC9CEB8-8B4A-11D0-8D11-00A0C91BC942}") = "Zadanie1_POINTERS", "Zadanie1_POINTERS\Zadanie1_POINTERS.vcxproj", "{E9DB2229-BF46-425D-9E8B-C8AF4B01FB52}"
EndProject
Project("{8BC9CEB8-8B4A-11D0-8D11-00A0C91BC942}") = "Zadanie2_POINTERS", "Zadanie2_POINTERS\Zadanie2_POINTERS.vcxproj", "{6516E659-AC7E-4C0D-A698-8EDADDDA1BF8}"
EndProject
Project("{8BC9CEB8-8B4A-11D0-8D11-00A0C91BC942}") = "KONTENERY_Zadanie1", "KONTENERY_Zadanie1\KONTENERY_Zadanie1.vcxproj", "{A3476EAE-A3A2-4F71-B7A8-D6C264C3C04A}"
EndProject
Project("{8BC9CEB8-8B4A-11D0-8D11-00A0C91BC942}") = "KONTENERY_Zadanie2", "KONTENERY_Zadanie2\KONTENERY_Zadanie2.vcxproj", "{FA8C4F60-74DC-4EF0-BAED-AA2D424436E9}"
EndProject
Project("{8BC9CEB8-8B4A-11D0-8D11-00A0C91BC942}") = "KONTENERY_Zadanie6", "KONTENERY_Zadanie6\KONTENERY_Zadanie6.vcxproj", "{A502024E-BDDE-4A12-8BF0-6830646A0955}"
EndProject
Project("{8BC9CEB8-8B4A-11D0-8D11-00A0C91BC942}") = "KONTENERY_Zadanie5", "KONTENERY_Zadanie5\KONTENERY_Zadanie5.vcxproj", "{BC3C84A5-1EEF-4E3A-97A7-F2FE6F6583B9}"
EndProject
Project("{8BC9CEB8-8B4A-11D0-8D11-00A0C91BC942}") = "FUNKTOR _Zadanie", "FUNKTOR _Zadanie\FUNKTOR _Zadanie.vcxproj", "{38938DA5-7CE5-46AA-AC3A-D516B67506CB}"
EndProject
Project("{8BC9CEB8-8B4A-11D0-8D11-00A0C91BC942}") = "LAMBDA_Zadanie", "LAMBDA_Zadanie\LAMBDA_Zadanie.vcxproj", "{FC61C83F-F39B-4AFA-B75C-53CB66B768AF}"
EndProject
Project("{8BC9CEB8-8B4A-11D0-8D11-00A0C91BC942}") = "KONTENERY_Zadanie3", "KONTENERY_Zadanie3\KONTENERY_Zadanie3.vcxproj", "{E7D9983D-B482-4186-A5A3-D4D489AD559C}"
EndProject
Project("{8BC9CEB8-8B4A-11D0-8D11-00A0C91BC942}") = "ALGORYTMY_Zadanie01", "ALGORYTMY_Zadanie01\ALGORYTMY_Zadanie01.vcxproj", "{A1E89C4C-F64B-49C1-9A09-16BE88BA62C3}"
EndProject
Project("{8BC9CEB8-8B4A-11D0-8D11-00A0C91BC942}") = "ALGORYTMY_Zadanie02", "ALGORYTMY_Zadanie02\ALGORYTMY_Zadanie02.vcxproj", "{52455F07-E390-4EAB-8FC1-5DACFF3D3C91}"
EndProject
Project("{8BC9CEB8-8B4A-11D0-8D11-00A0C91BC942}") = "ALGORYTMY_Zadanie03", "ALGORYTMY_Zadanie03\ALGORYTMY_Zadanie03.vcxproj", "{04860127-4CD1-4741-BA8D-2EA3D48D43C4}"
EndProject
Global
	GlobalSection(SolutionConfigurationPlatforms) = preSolution
		Debug|x64 = Debug|x64
		Debug|x86 = Debug|x86
		Release|x64 = Release|x64
		Release|x86 = Release|x86
	EndGlobalSection
	GlobalSection(ProjectConfigurationPlatforms) = postSolution
		{3DE34B98-05DB-4774-8B6A-9ECA85DF6657}.Debug|x64.ActiveCfg = Debug|x64
		{3DE34B98-05DB-4774-8B6A-9ECA85DF6657}.Debug|x64.Build.0 = Debug|x64
		{3DE34B98-05DB-4774-8B6A-9ECA85DF6657}.Debug|x86.ActiveCfg = Debug|Win32
		{3DE34B98-05DB-4774-8B6A-9ECA85DF6657}.Debug|x86.Build.0 = Debug|Win32
		{3DE34B98-05DB-4774-8B6A-9ECA85DF6657}.Release|x64.ActiveCfg = Release|x64
		{3DE34B98-05DB-4774-8B6A-9ECA85DF6657}.Release|x64.Build.0 = Release|x64
		{3DE34B98-05DB-4774-8B6A-9ECA85DF6657}.Release|x86.ActiveCfg = Release|Win32
		{3DE34B98-05DB-4774-8B6A-9ECA85DF6657}.Release|x86.Build.0 = Release|Win32
		{7BBFDD4E-B0F0-4429-BFD4-B6F66A030E3A}.Debug|x64.ActiveCfg = Debug|x64
		{7BBFDD4E-B0F0-4429-BFD4-B6F66A030E3A}.Debug|x64.Build.0 = Debug|x64
		{7BBFDD4E-B0F0-4429-BFD4-B6F66A030E3A}.Debug|x86.ActiveCfg = Debug|Win32
		{7BBFDD4E-B0F0-4429-BFD4-B6F66A030E3A}.Debug|x86.Build.0 = Debug|Win32
		{7BBFDD4E-B0F0-4429-BFD4-B6F66A030E3A}.Release|x64.ActiveCfg = Release|x64
		{7BBFDD4E-B0F0-4429-BFD4-B6F66A030E3A}.Release|x64.Build.0 = Release|x64
		{7BBFDD4E-B0F0-4429-BFD4-B6F66A030E3A}.Release|x86.ActiveCfg = Release|Win32
		{7BBFDD4E-B0F0-4429-BFD4-B6F66A030E3A}.Release|x86.Build.0 = Release|Win32
		{C82C4482-D259-4C99-9634-6C41327C52EB}.Debug|x64.ActiveCfg = Debug|x64
		{C82C4482-D259-4C99-9634-6C41327C52EB}.Debug|x64.Build.0 = Debug|x64
		{C82C4482-D259-4C99-9634-6C41327C52EB}.Debug|x86.ActiveCfg = Debug|Win32
		{C82C4482-D259-4C99-9634-6C41327C52EB}.Debug|x86.Build.0 = Debug|Win32
		{C82C4482-D259-4C99-9634-6C41327C52EB}.Release|x64.ActiveCfg = Release|x64
		{C82C4482-D259-4C99-9634-6C41327C52EB}.Release|x64.Build.0 = Release|x64
		{C82C4482-D259-4C99-9634-6C41327C52EB}.Release|x86.ActiveCfg = Release|Win32
		{C82C4482-D259-4C99-9634-6C41327C52EB}.Release|x86.Build.0 = Release|Win32
		{709CDD7E-4DE6-47FF-80EB-CFF26A952C43}.Debug|x64.ActiveCfg = Debug|x64
		{709CDD7E-4DE6-47FF-80EB-CFF26A952C43}.Debug|x64.Build.0 = Debug|x64
		{709CDD7E-4DE6-47FF-80EB-CFF26A952C43}.Debug|x86.ActiveCfg = Debug|Win32
		{709CDD7E-4DE6-47FF-80EB-CFF26A952C43}.Debug|x86.Build.0 = Debug|Win32
		{709CDD7E-4DE6-47FF-80EB-CFF26A952C43}.Release|x64.ActiveCfg = Release|x64
		{709CDD7E-4DE6-47FF-80EB-CFF26A952C43}.Release|x64.Build.0 = Release|x64
		{709CDD7E-4DE6-47FF-80EB-CFF26A952C43}.Release|x86.ActiveCfg = Release|Win32
		{709CDD7E-4DE6-47FF-80EB-CFF26A952C43}.Release|x86.Build.0 = Release|Win32
		{21450536-5315-4088-8949-6B86915D9E81}.Debug|x64.ActiveCfg = Debug|x64
		{21450536-5315-4088-8949-6B86915D9E81}.Debug|x64.Build.0 = Debug|x64
		{21450536-5315-4088-8949-6B86915D9E81}.Debug|x86.ActiveCfg = Debug|Win32
		{21450536-5315-4088-8949-6B86915D9E81}.Debug|x86.Build.0 = Debug|Win32
		{21450536-5315-4088-8949-6B86915D9E81}.Release|x64.ActiveCfg = Release|x64
		{21450536-5315-4088-8949-6B86915D9E81}.Release|x64.Build.0 = Release|x64
		{21450536-5315-4088-8949-6B86915D9E81}.Release|x86.ActiveCfg = Release|Win32
		{21450536-5315-4088-8949-6B86915D9E81}.Release|x86.Build.0 = Release|Win32
		{392FD397-5CC2-4B43-B587-B666CDC021C7}.Debug|x64.ActiveCfg = Debug|x64
		{392FD397-5CC2-4B43-B587-B666CDC021C7}.Debug|x64.Build.0 = Debug|x64
		{392FD397-5CC2-4B43-B587-B666CDC021C7}.Debug|x86.ActiveCfg = Debug|Win32
		{392FD397-5CC2-4B43-B587-B666CDC021C7}.Debug|x86.Build.0 = Debug|Win32
		{392FD397-5CC2-4B43-B587-B666CDC021C7}.Release|x64.ActiveCfg = Release|x64
		{392FD397-5CC2-4B43-B587-B666CDC021C7}.Release|x64.Build.0 = Release|x64
		{392FD397-5CC2-4B43-B587-B666CDC021C7}.Release|x86.ActiveCfg = Release|Win32
		{392FD397-5CC2-4B43-B587-B666CDC021C7}.Release|x86.Build.0 = Release|Win32
		{B3CD1108-93C0-496D-B32A-C7CCAC073747}.Debug|x64.ActiveCfg = Debug|x64
		{B3CD1108-93C0-496D-B32A-C7CCAC073747}.Debug|x64.Build.0 = Debug|x64
		{B3CD1108-93C0-496D-B32A-C7CCAC073747}.Debug|x86.ActiveCfg = Debug|Win32
		{B3CD1108-93C0-496D-B32A-C7CCAC073747}.Debug|x86.Build.0 = Debug|Win32
		{B3CD1108-93C0-496D-B32A-C7CCAC073747}.Release|x64.ActiveCfg = Release|x64
		{B3CD1108-93C0-496D-B32A-C7CCAC073747}.Release|x64.Build.0 = Release|x64
		{B3CD1108-93C0-496D-B32A-C7CCAC073747}.Release|x86.ActiveCfg = Release|Win32
		{B3CD1108-93C0-496D-B32A-C7CCAC073747}.Release|x86.Build.0 = Release|Win32
		{E9DB2229-BF46-425D-9E8B-C8AF4B01FB52}.Debug|x64.ActiveCfg = Debug|x64
		{E9DB2229-BF46-425D-9E8B-C8AF4B01FB52}.Debug|x64.Build.0 = Debug|x64
		{E9DB2229-BF46-425D-9E8B-C8AF4B01FB52}.Debug|x86.ActiveCfg = Debug|Win32
		{E9DB2229-BF46-425D-9E8B-C8AF4B01FB52}.Debug|x86.Build.0 = Debug|Win32
		{E9DB2229-BF46-425D-9E8B-C8AF4B01FB52}.Release|x64.ActiveCfg = Release|x64
		{E9DB2229-BF46-425D-9E8B-C8AF4B01FB52}.Release|x64.Build.0 = Release|x64
		{E9DB2229-BF46-425D-9E8B-C8AF4B01FB52}.Release|x86.ActiveCfg = Release|Win32
		{E9DB2229-BF46-425D-9E8B-C8AF4B01FB52}.Release|x86.Build.0 = Release|Win32
		{6516E659-AC7E-4C0D-A698-8EDADDDA1BF8}.Debug|x64.ActiveCfg = Debug|x64
		{6516E659-AC7E-4C0D-A698-8EDADDDA1BF8}.Debug|x64.Build.0 = Debug|x64
		{6516E659-AC7E-4C0D-A698-8EDADDDA1BF8}.Debug|x86.ActiveCfg = Debug|Win32
		{6516E659-AC7E-4C0D-A698-8EDADDDA1BF8}.Debug|x86.Build.0 = Debug|Win32
		{6516E659-AC7E-4C0D-A698-8EDADDDA1BF8}.Release|x64.ActiveCfg = Release|x64
		{6516E659-AC7E-4C0D-A698-8EDADDDA1BF8}.Release|x64.Build.0 = Release|x64
		{6516E659-AC7E-4C0D-A698-8EDADDDA1BF8}.Release|x86.ActiveCfg = Release|Win32
		{6516E659-AC7E-4C0D-A698-8EDADDDA1BF8}.Release|x86.Build.0 = Release|Win32
		{A3476EAE-A3A2-4F71-B7A8-D6C264C3C04A}.Debug|x64.ActiveCfg = Debug|x64
		{A3476EAE-A3A2-4F71-B7A8-D6C264C3C04A}.Debug|x64.Build.0 = Debug|x64
		{A3476EAE-A3A2-4F71-B7A8-D6C264C3C04A}.Debug|x86.ActiveCfg = Debug|Win32
		{A3476EAE-A3A2-4F71-B7A8-D6C264C3C04A}.Debug|x86.Build.0 = Debug|Win32
		{A3476EAE-A3A2-4F71-B7A8-D6C264C3C04A}.Release|x64.ActiveCfg = Release|x64
		{A3476EAE-A3A2-4F71-B7A8-D6C264C3C04A}.Release|x64.Build.0 = Release|x64
		{A3476EAE-A3A2-4F71-B7A8-D6C264C3C04A}.Release|x86.ActiveCfg = Release|Win32
		{A3476EAE-A3A2-4F71-B7A8-D6C264C3C04A}.Release|x86.Build.0 = Release|Win32
		{FA8C4F60-74DC-4EF0-BAED-AA2D424436E9}.Debug|x64.ActiveCfg = Debug|x64
		{FA8C4F60-74DC-4EF0-BAED-AA2D424436E9}.Debug|x64.Build.0 = Debug|x64
		{FA8C4F60-74DC-4EF0-BAED-AA2D424436E9}.Debug|x86.ActiveCfg = Debug|Win32
		{FA8C4F60-74DC-4EF0-BAED-AA2D424436E9}.Debug|x86.Build.0 = Debug|Win32
		{FA8C4F60-74DC-4EF0-BAED-AA2D424436E9}.Release|x64.ActiveCfg = Release|x64
		{FA8C4F60-74DC-4EF0-BAED-AA2D424436E9}.Release|x64.Build.0 = Release|x64
		{FA8C4F60-74DC-4EF0-BAED-AA2D424436E9}.Release|x86.ActiveCfg = Release|Win32
		{FA8C4F60-74DC-4EF0-BAED-AA2D424436E9}.Release|x86.Build.0 = Release|Win32
		{A502024E-BDDE-4A12-8BF0-6830646A0955}.Debug|x64.ActiveCfg = Debug|x64
		{A502024E-BDDE-4A12-8BF0-6830646A0955}.Debug|x64.Build.0 = Debug|x64
		{A502024E-BDDE-4A12-8BF0-6830646A0955}.Debug|x86.ActiveCfg = Debug|Win32
		{A502024E-BDDE-4A12-8BF0-6830646A0955}.Debug|x86.Build.0 = Debug|Win32
		{A502024E-BDDE-4A12-8BF0-6830646A0955}.Release|x64.ActiveCfg = Release|x64
		{A502024E-BDDE-4A12-8BF0-6830646A0955}.Release|x64.Build.0 = Release|x64
		{A502024E-BDDE-4A12-8BF0-6830646A0955}.Release|x86.ActiveCfg = Release|Win32
		{A502024E-BDDE-4A12-8BF0-6830646A0955}.Release|x86.Build.0 = Release|Win32
		{BC3C84A5-1EEF-4E3A-97A7-F2FE6F6583B9}.Debug|x64.ActiveCfg = Debug|x64
		{BC3C84A5-1EEF-4E3A-97A7-F2FE6F6583B9}.Debug|x64.Build.0 = Debug|x64
		{BC3C84A5-1EEF-4E3A-97A7-F2FE6F6583B9}.Debug|x86.ActiveCfg = Debug|Win32
		{BC3C84A5-1EEF-4E3A-97A7-F2FE6F6583B9}.Debug|x86.Build.0 = Debug|Win32
		{BC3C84A5-1EEF-4E3A-97A7-F2FE6F6583B9}.Release|x64.ActiveCfg = Release|x64
		{BC3C84A5-1EEF-4E3A-97A7-F2FE6F6583B9}.Release|x64.Build.0 = Release|x64
		{BC3C84A5-1EEF-4E3A-97A7-F2FE6F6583B9}.Release|x86.ActiveCfg = Release|Win32
		{BC3C84A5-1EEF-4E3A-97A7-F2FE6F6583B9}.Release|x86.Build.0 = Release|Win32
		{38938DA5-7CE5-46AA-AC3A-D516B67506CB}.Debug|x64.ActiveCfg = Debug|x64
		{38938DA5-7CE5-46AA-AC3A-D516B67506CB}.Debug|x64.Build.0 = Debug|x64
		{38938DA5-7CE5-46AA-AC3A-D516B67506CB}.Debug|x86.ActiveCfg = Debug|Win32
		{38938DA5-7CE5-46AA-AC3A-D516B67506CB}.Debug|x86.Build.0 = Debug|Win32
		{38938DA5-7CE5-46AA-AC3A-D516B67506CB}.Release|x64.ActiveCfg = Release|x64
		{38938DA5-7CE5-46AA-AC3A-D516B67506CB}.Release|x64.Build.0 = Release|x64
		{38938DA5-7CE5-46AA-AC3A-D516B67506CB}.Release|x86.ActiveCfg = Release|Win32
		{38938DA5-7CE5-46AA-AC3A-D516B67506CB}.Release|x86.Build.0 = Release|Win32
		{FC61C83F-F39B-4AFA-B75C-53CB66B768AF}.Debug|x64.ActiveCfg = Debug|x64
		{FC61C83F-F39B-4AFA-B75C-53CB66B768AF}.Debug|x64.Build.0 = Debug|x64
		{FC61C83F-F39B-4AFA-B75C-53CB66B768AF}.Debug|x86.ActiveCfg = Debug|Win32
		{FC61C83F-F39B-4AFA-B75C-53CB66B768AF}.Debug|x86.Build.0 = Debug|Win32
		{FC61C83F-F39B-4AFA-B75C-53CB66B768AF}.Release|x64.ActiveCfg = Release|x64
		{FC61C83F-F39B-4AFA-B75C-53CB66B768AF}.Release|x64.Build.0 = Release|x64
		{FC61C83F-F39B-4AFA-B75C-53CB66B768AF}.Release|x86.ActiveCfg = Release|Win32
		{FC61C83F-F39B-4AFA-B75C-53CB66B768AF}.Release|x86.Build.0 = Release|Win32
		{E7D9983D-B482-4186-A5A3-D4D489AD559C}.Debug|x64.ActiveCfg = Debug|x64
		{E7D9983D-B482-4186-A5A3-D4D489AD559C}.Debug|x64.Build.0 = Debug|x64
		{E7D9983D-B482-4186-A5A3-D4D489AD559C}.Debug|x86.ActiveCfg = Debug|Win32
		{E7D9983D-B482-4186-A5A3-D4D489AD559C}.Debug|x86.Build.0 = Debug|Win32
		{E7D9983D-B482-4186-A5A3-D4D489AD559C}.Release|x64.ActiveCfg = Release|x64
		{E7D9983D-B482-4186-A5A3-D4D489AD559C}.Release|x64.Build.0 = Release|x64
		{E7D9983D-B482-4186-A5A3-D4D489AD559C}.Release|x86.ActiveCfg = Release|Win32
		{E7D9983D-B482-4186-A5A3-D4D489AD559C}.Release|x86.Build.0 = Release|Win32
		{A1E89C4C-F64B-49C1-9A09-16BE88BA62C3}.Debug|x64.ActiveCfg = Debug|x64
		{A1E89C4C-F64B-49C1-9A09-16BE88BA62C3}.Debug|x64.Build.0 = Debug|x64
		{A1E89C4C-F64B-49C1-9A09-16BE88BA62C3}.Debug|x86.ActiveCfg = Debug|Win32
		{A1E89C4C-F64B-49C1-9A09-16BE88BA62C3}.Debug|x86.Build.0 = Debug|Win32
		{A1E89C4C-F64B-49C1-9A09-16BE88BA62C3}.Release|x64.ActiveCfg = Release|x64
		{A1E89C4C-F64B-49C1-9A09-16BE88BA62C3}.Release|x64.Build.0 = Release|x64
		{A1E89C4C-F64B-49C1-9A09-16BE88BA62C3}.Release|x86.ActiveCfg = Release|Win32
		{A1E89C4C-F64B-49C1-9A09-16BE88BA62C3}.Release|x86.Build.0 = Release|Win32
		{52455F07-E390-4EAB-8FC1-5DACFF3D3C91}.Debug|x64.ActiveCfg = Debug|x64
		{52455F07-E390-4EAB-8FC1-5DACFF3D3C91}.Debug|x64.Build.0 = Debug|x64
		{52455F07-E390-4EAB-8FC1-5DACFF3D3C91}.Debug|x86.ActiveCfg = Debug|Win32
		{52455F07-E390-4EAB-8FC1-5DACFF3D3C91}.Debug|x86.Build.0 = Debug|Win32
		{52455F07-E390-4EAB-8FC1-5DACFF3D3C91}.Release|x64.ActiveCfg = Release|x64
		{52455F07-E390-4EAB-8FC1-5DACFF3D3C91}.Release|x64.Build.0 = Release|x64
		{52455F07-E390-4EAB-8FC1-5DACFF3D3C91}.Release|x86.ActiveCfg = Release|Win32
		{52455F07-E390-4EAB-8FC1-5DACFF3D3C91}.Release|x86.Build.0 = Release|Win32
		{04860127-4CD1-4741-BA8D-2EA3D48D43C4}.Debug|x64.ActiveCfg = Debug|x64
		{04860127-4CD1-4741-BA8D-2EA3D48D43C4}.Debug|x64.Build.0 = Debug|x64
		{04860127-4CD1-4741-BA8D-2EA3D48D43C4}.Debug|x86.ActiveCfg = Debug|Win32
		{04860127-4CD1-4741-BA8D-2EA3D48D43C4}.Debug|x86.Build.0 = Debug|Win32
		{04860127-4CD1-4741-BA8D-2EA3D48D43C4}.Release|x64.ActiveCfg = Release|x64
		{04860127-4CD1-4741-BA8D-2EA3D48D43C4}.Release|x64.Build.0 = Release|x64
		{04860127-4CD1-4741-BA8D-2EA3D48D43C4}.Release|x86.ActiveCfg = Release|Win32
		{04860127-4CD1-4741-BA8D-2EA3D48D43C4}.Release|x86.Build.0 = Release|Win32
	EndGlobalSection
	GlobalSection(SolutionProperties) = preSolution
		HideSolutionNode = FALSE
	EndGlobalSection
	GlobalSection(ExtensibilityGlobals) = postSolution
		SolutionGuid = {9E5D2024-E89F-4053-B739-F22AAF9B3C5A}
	EndGlobalSection
EndGlobal
